
Microsoft Visual Studio Solution File, Format Version 11.00
# Visual Studio 2010
Project("{FAE04EC0-301F-11D3-BF4B-00C04F79EFBC}") = "TheTerrorShift", "Assembly-CSharp.csproj", "{C94E6F71-BC14-BFFB-90FB-C2BDE9EB19E5}"
EndProject
Project("{FAE04EC0-301F-11D3-BF4B-00C04F79EFBC}") = "TheTerrorShift", "Assembly-CSharp-Editor.csproj", "{D353B219-2812-FC31-310F-4589C3018EEE}"
EndProject
Global
	GlobalSection(SolutionConfigurationPlatforms) = preSolution
		Debug|Any CPU = Debug|Any CPU
		Release|Any CPU = Release|Any CPU
	EndGlobalSection
	GlobalSection(ProjectConfigurationPlatforms) = postSolution
		{C94E6F71-BC14-BFFB-90FB-C2BDE9EB19E5}.Debug|Any CPU.ActiveCfg = Debug|Any CPU
		{C94E6F71-BC14-BFFB-90FB-C2BDE9EB19E5}.Debug|Any CPU.Build.0 = Debug|Any CPU
		{C94E6F71-BC14-BFFB-90FB-C2BDE9EB19E5}.Release|Any CPU.ActiveCfg = Release|Any CPU
		{C94E6F71-BC14-BFFB-90FB-C2BDE9EB19E5}.Release|Any CPU.Build.0 = Release|Any CPU
		{D353B219-2812-FC31-310F-4589C3018EEE}.Debug|Any CPU.ActiveCfg = Debug|Any CPU
		{D353B219-2812-FC31-310F-4589C3018EEE}.Debug|Any CPU.Build.0 = Debug|Any CPU
		{D353B219-2812-FC31-310F-4589C3018EEE}.Release|Any CPU.ActiveCfg = Release|Any CPU
		{D353B219-2812-FC31-310F-4589C3018EEE}.Release|Any CPU.Build.0 = Release|Any CPU
	EndGlobalSection
	GlobalSection(SolutionProperties) = preSolution
		HideSolutionNode = FALSE
	EndGlobalSection
	GlobalSection(MonoDevelopProperties) = preSolution
		StartupItem = Assembly-CSharp.csproj
	EndGlobalSection
EndGlobal
